
Microsoft Visual Studio Solution File, Format Version 12.00
# Visual Studio Version 17
VisualStudioVersion = 17.0.32126.317
MinimumVisualStudioVersion = 10.0.40219.1
Project("{FAE04EC0-301F-11D3-BF4B-00C04F79EFBC}") = "generavimas", "generavimas\generavimas.csproj", "{3BBC5657-462E-45C6-8B5A-49647F84CDC6}"
EndProject
Global
	GlobalSection(SolutionConfigurationPlatforms) = preSolution
		Debug|Any CPU = Debug|Any CPU
		Release|Any CPU = Release|Any CPU
	EndGlobalSection
	GlobalSection(ProjectConfigurationPlatforms) = postSolution
		{3BBC5657-462E-45C6-8B5A-49647F84CDC6}.Debug|Any CPU.ActiveCfg = Debug|Any CPU
		{3BBC5657-462E-45C6-8B5A-49647F84CDC6}.Debug|Any CPU.Build.0 = Debug|Any CPU
		{3BBC5657-462E-45C6-8B5A-49647F84CDC6}.Release|Any CPU.ActiveCfg = Release|Any CPU
		{3BBC5657-462E-45C6-8B5A-49647F84CDC6}.Release|Any CPU.Build.0 = Release|Any CPU
	EndGlobalSection
	GlobalSection(SolutionProperties) = preSolution
		HideSolutionNode = FALSE
	EndGlobalSection
	GlobalSection(ExtensibilityGlobals) = postSolution
		SolutionGuid = {97706232-673E-4179-B575-D5B99E5FC8D1}
	EndGlobalSection
EndGlobal
